
Microsoft Visual Studio Solution File, Format Version 12.00
# Visual Studio Version 17
VisualStudioVersion = 17.6.33723.286
MinimumVisualStudioVersion = 10.0.40219.1
Project("{FAE04EC0-301F-11D3-BF4B-00C04F79EFBC}") = "SignalDemoAPI", "SignalDemoAPI\SignalDemoAPI.csproj", "{CBBCA282-6513-4ACF-8C0A-22CB9AE733F3}"
EndProject
Global
	GlobalSection(SolutionConfigurationPlatforms) = preSolution
		Debug|Any CPU = Debug|Any CPU
		Release|Any CPU = Release|Any CPU
	EndGlobalSection
	GlobalSection(ProjectConfigurationPlatforms) = postSolution
		{CBBCA282-6513-4ACF-8C0A-22CB9AE733F3}.Debug|Any CPU.ActiveCfg = Debug|Any CPU
		{CBBCA282-6513-4ACF-8C0A-22CB9AE733F3}.Debug|Any CPU.Build.0 = Debug|Any CPU
		{CBBCA282-6513-4ACF-8C0A-22CB9AE733F3}.Release|Any CPU.ActiveCfg = Release|Any CPU
		{CBBCA282-6513-4ACF-8C0A-22CB9AE733F3}.Release|Any CPU.Build.0 = Release|Any CPU
	EndGlobalSection
	GlobalSection(SolutionProperties) = preSolution
		HideSolutionNode = FALSE
	EndGlobalSection
	GlobalSection(ExtensibilityGlobals) = postSolution
		SolutionGuid = {6B93A93F-6499-4F7E-A205-96B1A5F1635C}
	EndGlobalSection
EndGlobal
